
Microsoft Visual Studio Solution File, Format Version 12.00
# Visual Studio 15
VisualStudioVersion = 15.0.27004.2002
MinimumVisualStudioVersion = 10.0.40219.1
Project("{8BC9CEB8-8B4A-11D0-8D11-00A0C91BC942}") = "ObjDir", "ObjDir\ObjDir.vcxproj", "{EE0D2993-2EB8-4189-837E-D038DFB9AAF3}"
EndProject
Global
	GlobalSection(SolutionConfigurationPlatforms) = preSolution
		Debug|x64 = Debug|x64
		Debug|x86 = Debug|x86
		Release|x64 = Release|x64
		Release|x86 = Release|x86
	EndGlobalSection
	GlobalSection(ProjectConfigurationPlatforms) = postSolution
		{EE0D2993-2EB8-4189-837E-D038DFB9AAF3}.Debug|x64.ActiveCfg = Debug|x64
		{EE0D2993-2EB8-4189-837E-D038DFB9AAF3}.Debug|x64.Build.0 = Debug|x64
		{EE0D2993-2EB8-4189-837E-D038DFB9AAF3}.Debug|x86.ActiveCfg = Debug|Win32
		{EE0D2993-2EB8-4189-837E-D038DFB9AAF3}.Debug|x86.Build.0 = Debug|Win32
		{EE0D2993-2EB8-4189-837E-D038DFB9AAF3}.Release|x64.ActiveCfg = Release|x64
		{EE0D2993-2EB8-4189-837E-D038DFB9AAF3}.Release|x64.Build.0 = Release|x64
		{EE0D2993-2EB8-4189-837E-D038DFB9AAF3}.Release|x86.ActiveCfg = Release|Win32
		{EE0D2993-2EB8-4189-837E-D038DFB9AAF3}.Release|x86.Build.0 = Release|Win32
	EndGlobalSection
	GlobalSection(SolutionProperties) = preSolution
		HideSolutionNode = FALSE
	EndGlobalSection
	GlobalSection(ExtensibilityGlobals) = postSolution
		SolutionGuid = {775CD7D3-AE07-467B-A71C-3E253F3E32AC}
	EndGlobalSection
EndGlobal
